
Microsoft Visual Studio Solution File, Format Version 12.00
# Visual Studio Version 17
VisualStudioVersion = 17.3.32901.215
MinimumVisualStudioVersion = 10.0.40219.1
Project("{8BC9CEB8-8B4A-11D0-8D11-00A0C91BC942}") = "Ejercicio4", "Ejercicio4\Ejercicio4.vcxproj", "{E76A90C2-F4B7-42BB-B808-45F351E4B259}"
EndProject
Global
	GlobalSection(SolutionConfigurationPlatforms) = preSolution
		Debug|x64 = Debug|x64
		Debug|x86 = Debug|x86
		Release|x64 = Release|x64
		Release|x86 = Release|x86
	EndGlobalSection
	GlobalSection(ProjectConfigurationPlatforms) = postSolution
		{E76A90C2-F4B7-42BB-B808-45F351E4B259}.Debug|x64.ActiveCfg = Debug|x64
		{E76A90C2-F4B7-42BB-B808-45F351E4B259}.Debug|x64.Build.0 = Debug|x64
		{E76A90C2-F4B7-42BB-B808-45F351E4B259}.Debug|x86.ActiveCfg = Debug|Win32
		{E76A90C2-F4B7-42BB-B808-45F351E4B259}.Debug|x86.Build.0 = Debug|Win32
		{E76A90C2-F4B7-42BB-B808-45F351E4B259}.Release|x64.ActiveCfg = Release|x64
		{E76A90C2-F4B7-42BB-B808-45F351E4B259}.Release|x64.Build.0 = Release|x64
		{E76A90C2-F4B7-42BB-B808-45F351E4B259}.Release|x86.ActiveCfg = Release|Win32
		{E76A90C2-F4B7-42BB-B808-45F351E4B259}.Release|x86.Build.0 = Release|Win32
	EndGlobalSection
	GlobalSection(SolutionProperties) = preSolution
		HideSolutionNode = FALSE
	EndGlobalSection
	GlobalSection(ExtensibilityGlobals) = postSolution
		SolutionGuid = {D51E862A-DEFE-48E0-A3A3-C4B70C46C268}
	EndGlobalSection
EndGlobal
